
Microsoft Visual Studio Solution File, Format Version 12.00
# Visual Studio Version 17
VisualStudioVersion = 17.2.32616.157
MinimumVisualStudioVersion = 10.0.40219.1
Project("{9A19103F-16F7-4668-BE54-9A1E7A4F7556}") = "ProductsDash", "FirstWebAppMVC\ProductsDash.csproj", "{1B659C09-2E4F-4D1B-8228-C73E6474D722}"
EndProject
Global
	GlobalSection(SolutionConfigurationPlatforms) = preSolution
		Debug|Any CPU = Debug|Any CPU
		Release|Any CPU = Release|Any CPU
	EndGlobalSection
	GlobalSection(ProjectConfigurationPlatforms) = postSolution
		{1B659C09-2E4F-4D1B-8228-C73E6474D722}.Debug|Any CPU.ActiveCfg = Debug|Any CPU
		{1B659C09-2E4F-4D1B-8228-C73E6474D722}.Debug|Any CPU.Build.0 = Debug|Any CPU
		{1B659C09-2E4F-4D1B-8228-C73E6474D722}.Release|Any CPU.ActiveCfg = Release|Any CPU
		{1B659C09-2E4F-4D1B-8228-C73E6474D722}.Release|Any CPU.Build.0 = Release|Any CPU
	EndGlobalSection
	GlobalSection(SolutionProperties) = preSolution
		HideSolutionNode = FALSE
	EndGlobalSection
	GlobalSection(ExtensibilityGlobals) = postSolution
		SolutionGuid = {645281EC-2723-445E-8F67-C968DD943B2B}
	EndGlobalSection
EndGlobal
